
Microsoft Visual Studio Solution File, Format Version 12.00
# Visual Studio Version 17
VisualStudioVersion = 17.4.33205.214
MinimumVisualStudioVersion = 10.0.40219.1
Project("{FAE04EC0-301F-11D3-BF4B-00C04F79EFBC}") = "CamadaDados", "CamadaDados\CamadaDados.csproj", "{242B1998-5FC8-4936-A871-75E840124CC4}"
EndProject
Project("{FAE04EC0-301F-11D3-BF4B-00C04F79EFBC}") = "CamadaNegocio", "CamadaNegocio\CamadaNegocio.csproj", "{9163F239-E942-4455-A18A-DA20789C882C}"
EndProject
Project("{FAE04EC0-301F-11D3-BF4B-00C04F79EFBC}") = "CadastroNIF", "CadastroNif\CadastroNIF.csproj", "{B234F399-B26D-4DD4-8ACC-C074DA3F94FA}"
EndProject
Global
	GlobalSection(SolutionConfigurationPlatforms) = preSolution
		Debug|Any CPU = Debug|Any CPU
		Release|Any CPU = Release|Any CPU
	EndGlobalSection
	GlobalSection(ProjectConfigurationPlatforms) = postSolution
		{242B1998-5FC8-4936-A871-75E840124CC4}.Debug|Any CPU.ActiveCfg = Debug|Any CPU
		{242B1998-5FC8-4936-A871-75E840124CC4}.Debug|Any CPU.Build.0 = Debug|Any CPU
		{242B1998-5FC8-4936-A871-75E840124CC4}.Release|Any CPU.ActiveCfg = Release|Any CPU
		{242B1998-5FC8-4936-A871-75E840124CC4}.Release|Any CPU.Build.0 = Release|Any CPU
		{9163F239-E942-4455-A18A-DA20789C882C}.Debug|Any CPU.ActiveCfg = Debug|Any CPU
		{9163F239-E942-4455-A18A-DA20789C882C}.Debug|Any CPU.Build.0 = Debug|Any CPU
		{9163F239-E942-4455-A18A-DA20789C882C}.Release|Any CPU.ActiveCfg = Release|Any CPU
		{9163F239-E942-4455-A18A-DA20789C882C}.Release|Any CPU.Build.0 = Release|Any CPU
		{B234F399-B26D-4DD4-8ACC-C074DA3F94FA}.Debug|Any CPU.ActiveCfg = Debug|Any CPU
		{B234F399-B26D-4DD4-8ACC-C074DA3F94FA}.Debug|Any CPU.Build.0 = Debug|Any CPU
		{B234F399-B26D-4DD4-8ACC-C074DA3F94FA}.Release|Any CPU.ActiveCfg = Release|Any CPU
		{B234F399-B26D-4DD4-8ACC-C074DA3F94FA}.Release|Any CPU.Build.0 = Release|Any CPU
	EndGlobalSection
	GlobalSection(SolutionProperties) = preSolution
		HideSolutionNode = FALSE
	EndGlobalSection
	GlobalSection(ExtensibilityGlobals) = postSolution
		SolutionGuid = {A4ECA9FF-5F99-4CE2-8930-A2FB147D1A81}
	EndGlobalSection
EndGlobal
