
Microsoft Visual Studio Solution File, Format Version 12.00
# Visual Studio Version 17
VisualStudioVersion = 17.4.33205.214
MinimumVisualStudioVersion = 10.0.40219.1
Project("{FAE04EC0-301F-11D3-BF4B-00C04F79EFBC}") = "NIF", "NIF\NIF.csproj", "{9A8995D8-0BA9-4044-9671-AAE4535F7D2B}"
EndProject
Global
	GlobalSection(SolutionConfigurationPlatforms) = preSolution
		Debug|Any CPU = Debug|Any CPU
		Release|Any CPU = Release|Any CPU
	EndGlobalSection
	GlobalSection(ProjectConfigurationPlatforms) = postSolution
		{9A8995D8-0BA9-4044-9671-AAE4535F7D2B}.Debug|Any CPU.ActiveCfg = Debug|Any CPU
		{9A8995D8-0BA9-4044-9671-AAE4535F7D2B}.Debug|Any CPU.Build.0 = Debug|Any CPU
		{9A8995D8-0BA9-4044-9671-AAE4535F7D2B}.Release|Any CPU.ActiveCfg = Release|Any CPU
		{9A8995D8-0BA9-4044-9671-AAE4535F7D2B}.Release|Any CPU.Build.0 = Release|Any CPU
	EndGlobalSection
	GlobalSection(SolutionProperties) = preSolution
		HideSolutionNode = FALSE
	EndGlobalSection
	GlobalSection(ExtensibilityGlobals) = postSolution
		SolutionGuid = {A4ECA9FF-5F99-4CE2-8930-A2FB147D1A81}
	EndGlobalSection
EndGlobal
